// !$*UTF8*$!
{
	archiveVersion = 1;
	classes = {
	};
	objectVersion = 55;
	objects = {

/* Begin PBXBuildFile section */
		091D53912784B3890002B4B6 /* ShuffleListener.swift in Sources */ = {isa = PBXBuildFile; fileRef = 091D53902784B3890002B4B6 /* ShuffleListener.swift */; };
		091D53932784B57B0002B4B6 /* TextHelper.swift in Sources */ = {isa = PBXBuildFile; fileRef = 091D53922784B57B0002B4B6 /* TextHelper.swift */; };
		091E82292784C32300358F6B /* TextHelperTests.swift in Sources */ = {isa = PBXBuildFile; fileRef = 091E82282784C32300358F6B /* TextHelperTests.swift */; };
		09294B1F278379F50038EEDC /* AppDelegate.swift in Sources */ = {isa = PBXBuildFile; fileRef = 09294B1E278379F50038EEDC /* AppDelegate.swift */; };
		09294B21278379F50038EEDC /* SceneDelegate.swift in Sources */ = {isa = PBXBuildFile; fileRef = 09294B20278379F50038EEDC /* SceneDelegate.swift */; };
		09294B23278379F50038EEDC /* ViewController.swift in Sources */ = {isa = PBXBuildFile; fileRef = 09294B22278379F50038EEDC /* ViewController.swift */; };
		09294B26278379F50038EEDC /* Main.storyboard in Resources */ = {isa = PBXBuildFile; fileRef = 09294B24278379F50038EEDC /* Main.storyboard */; };
		09294B28278379F60038EEDC /* Assets.xcassets in Resources */ = {isa = PBXBuildFile; fileRef = 09294B27278379F60038EEDC /* Assets.xcassets */; };
		09294B2B278379F60038EEDC /* LaunchScreen.storyboard in Resources */ = {isa = PBXBuildFile; fileRef = 09294B29278379F60038EEDC /* LaunchScreen.storyboard */; };
		09294B36278379F60038EEDC /* codeTests.swift in Sources */ = {isa = PBXBuildFile; fileRef = 09294B35278379F60038EEDC /* codeTests.swift */; };
		09294B40278379F60038EEDC /* codeUITests.swift in Sources */ = {isa = PBXBuildFile; fileRef = 09294B3F278379F60038EEDC /* codeUITests.swift */; };
		09294B42278379F60038EEDC /* codeUITestsLaunchTests.swift in Sources */ = {isa = PBXBuildFile; fileRef = 09294B41278379F60038EEDC /* codeUITestsLaunchTests.swift */; };
		0931966A278481C5003D9125 /* PopupViewController.swift in Sources */ = {isa = PBXBuildFile; fileRef = 09319669278481C5003D9125 /* PopupViewController.swift */; };
/* End PBXBuildFile section */

/* Begin PBXContainerItemProxy section */
		09294B32278379F60038EEDC /* PBXContainerItemProxy */ = {
			isa = PBXContainerItemProxy;
			containerPortal = 09294B13278379F50038EEDC /* Project object */;
			proxyType = 1;
			remoteGlobalIDString = 09294B1A278379F50038EEDC;
			remoteInfo = code;
		};
		09294B3C278379F60038EEDC /* PBXContainerItemProxy */ = {
			isa = PBXContainerItemProxy;
			containerPortal = 09294B13278379F50038EEDC /* Project object */;
			proxyType = 1;
			remoteGlobalIDString = 09294B1A278379F50038EEDC;
			remoteInfo = code;
		};
/* End PBXContainerItemProxy section */

/* Begin PBXFileReference section */
		091D53902784B3890002B4B6 /* ShuffleListener.swift */ = {isa = PBXFileReference; lastKnownFileType = sourcecode.swift; path = ShuffleListener.swift; sourceTree = "<group>"; };
		091D53922784B57B0002B4B6 /* TextHelper.swift */ = {isa = PBXFileReference; lastKnownFileType = sourcecode.swift; path = TextHelper.swift; sourceTree = "<group>"; };
		091E82282784C32300358F6B /* TextHelperTests.swift */ = {isa = PBXFileReference; lastKnownFileType = sourcecode.swift; path = TextHelperTests.swift; sourceTree = "<group>"; };
		09294B1B278379F50038EEDC /* code.app */ = {isa = PBXFileReference; explicitFileType = wrapper.application; includeInIndex = 0; path = code.app; sourceTree = BUILT_PRODUCTS_DIR; };
		09294B1E278379F50038EEDC /* AppDelegate.swift */ = {isa = PBXFileReference; lastKnownFileType = sourcecode.swift; path = AppDelegate.swift; sourceTree = "<group>"; };
		09294B20278379F50038EEDC /* SceneDelegate.swift */ = {isa = PBXFileReference; lastKnownFileType = sourcecode.swift; path = SceneDelegate.swift; sourceTree = "<group>"; };
		09294B22278379F50038EEDC /* ViewController.swift */ = {isa = PBXFileReference; lastKnownFileType = sourcecode.swift; path = ViewController.swift; sourceTree = "<group>"; };
		09294B25278379F50038EEDC /* Base */ = {isa = PBXFileReference; lastKnownFileType = file.storyboard; name = Base; path = Base.lproj/Main.storyboard; sourceTree = "<group>"; };
		09294B27278379F60038EEDC /* Assets.xcassets */ = {isa = PBXFileReference; lastKnownFileType = folder.assetcatalog; path = Assets.xcassets; sourceTree = "<group>"; };
		09294B2A278379F60038EEDC /* Base */ = {isa = PBXFileReference; lastKnownFileType = file.storyboard; name = Base; path = Base.lproj/LaunchScreen.storyboard; sourceTree = "<group>"; };
		09294B2C278379F60038EEDC /* Info.plist */ = {isa = PBXFileReference; lastKnownFileType = text.plist.xml; path = Info.plist; sourceTree = "<group>"; };
		09294B31278379F60038EEDC /* codeTests.xctest */ = {isa = PBXFileReference; explicitFileType = wrapper.cfbundle; includeInIndex = 0; path = codeTests.xctest; sourceTree = BUILT_PRODUCTS_DIR; };
		09294B35278379F60038EEDC /* codeTests.swift */ = {isa = PBXFileReference; lastKnownFileType = sourcecode.swift; path = codeTests.swift; sourceTree = "<group>"; };
		09294B3B278379F60038EEDC /* codeUITests.xctest */ = {isa = PBXFileReference; explicitFileType = wrapper.cfbundle; includeInIndex = 0; path = codeUITests.xctest; sourceTree = BUILT_PRODUCTS_DIR; };
		09294B3F278379F60038EEDC /* codeUITests.swift */ = {isa = PBXFileReference; lastKnownFileType = sourcecode.swift; path = codeUITests.swift; sourceTree = "<group>"; };
		09294B41278379F60038EEDC /* codeUITestsLaunchTests.swift */ = {isa = PBXFileReference; lastKnownFileType = sourcecode.swift; path = codeUITestsLaunchTests.swift; sourceTree = "<group>"; };
		09319669278481C5003D9125 /* PopupViewController.swift */ = {isa = PBXFileReference; lastKnownFileType = sourcecode.swift; path = PopupViewController.swift; sourceTree = "<group>"; };
/* End PBXFileReference section */

/* Begin PBXFrameworksBuildPhase section */
		09294B18278379F50038EEDC /* Frameworks */ = {
			isa = PBXFrameworksBuildPhase;
			buildActionMask = 2147483647;
			files = (
			);
			runOnlyForDeploymentPostprocessing = 0;
		};
		09294B2E278379F60038EEDC /* Frameworks */ = {
			isa = PBXFrameworksBuildPhase;
			buildActionMask = 2147483647;
			files = (
			);
			runOnlyForDeploymentPostprocessing = 0;
		};
		09294B38278379F60038EEDC /* Frameworks */ = {
			isa = PBXFrameworksBuildPhase;
			buildActionMask = 2147483647;
			files = (
			);
			runOnlyForDeploymentPostprocessing = 0;
		};
/* End PBXFrameworksBuildPhase section */

/* Begin PBXGroup section */
		09294B12278379F50038EEDC = {
			isa = PBXGroup;
			children = (
				09294B1D278379F50038EEDC /* code */,
				09294B34278379F60038EEDC /* codeTests */,
				09294B3E278379F60038EEDC /* codeUITests */,
				09294B1C278379F50038EEDC /* Products */,
			);
			sourceTree = "<group>";
		};
		09294B1C278379F50038EEDC /* Products */ = {
			isa = PBXGroup;
			children = (
				09294B1B278379F50038EEDC /* code.app */,
				09294B31278379F60038EEDC /* codeTests.xctest */,
				09294B3B278379F60038EEDC /* codeUITests.xctest */,
			);
			name = Products;
			sourceTree = "<group>";
		};
		09294B1D278379F50038EEDC /* code */ = {
			isa = PBXGroup;
			children = (
				09294B1E278379F50038EEDC /* AppDelegate.swift */,
				09294B20278379F50038EEDC /* SceneDelegate.swift */,
				09294B22278379F50038EEDC /* ViewController.swift */,
				09294B24278379F50038EEDC /* Main.storyboard */,
				09294B27278379F60038EEDC /* Assets.xcassets */,
				09294B29278379F60038EEDC /* LaunchScreen.storyboard */,
				09294B2C278379F60038EEDC /* Info.plist */,
				09319669278481C5003D9125 /* PopupViewController.swift */,
				091D53902784B3890002B4B6 /* ShuffleListener.swift */,
				091D53922784B57B0002B4B6 /* TextHelper.swift */,
			);
			path = code;
			sourceTree = "<group>";
		};
		09294B34278379F60038EEDC /* codeTests */ = {
			isa = PBXGroup;
			children = (
				09294B35278379F60038EEDC /* codeTests.swift */,
				091E82282784C32300358F6B /* TextHelperTests.swift */,
			);
			path = codeTests;
			sourceTree = "<group>";
		};
		09294B3E278379F60038EEDC /* codeUITests */ = {
			isa = PBXGroup;
			children = (
				09294B3F278379F60038EEDC /* codeUITests.swift */,
				09294B41278379F60038EEDC /* codeUITestsLaunchTests.swift */,
			);
			path = codeUITests;
			sourceTree = "<group>";
		};
/* End PBXGroup section */

/* Begin PBXNativeTarget section */
		09294B1A278379F50038EEDC /* code */ = {
			isa = PBXNativeTarget;
			buildConfigurationList = 09294B45278379F60038EEDC /* Build configuration list for PBXNativeTarget "code" */;
			buildPhases = (
				09294B17278379F50038EEDC /* Sources */,
				09294B18278379F50038EEDC /* Frameworks */,
				09294B19278379F50038EEDC /* Resources */,
			);
			buildRules = (
			);
			dependencies = (
			);
			name = code;
			productName = code;
			productReference = 09294B1B278379F50038EEDC /* code.app */;
			productType = "com.apple.product-type.application";
		};
		09294B30278379F60038EEDC /* codeTests */ = {
			isa = PBXNativeTarget;
			buildConfigurationList = 09294B48278379F60038EEDC /* Build configuration list for PBXNativeTarget "codeTests" */;
			buildPhases = (
				09294B2D278379F60038EEDC /* Sources */,
				09294B2E278379F60038EEDC /* Frameworks */,
				09294B2F278379F60038EEDC /* Resources */,
			);
			buildRules = (
			);
			dependencies = (
				09294B33278379F60038EEDC /* PBXTargetDependency */,
			);
			name = codeTests;
			productName = codeTests;
			productReference = 09294B31278379F60038EEDC /* codeTests.xctest */;
			productType = "com.apple.product-type.bundle.unit-test";
		};
		09294B3A278379F60038EEDC /* codeUITests */ = {
			isa = PBXNativeTarget;
			buildConfigurationList = 09294B4B278379F60038EEDC /* Build configuration list for PBXNativeTarget "codeUITests" */;
			buildPhases = (
				09294B37278379F60038EEDC /* Sources */,
				09294B38278379F60038EEDC /* Frameworks */,
				09294B39278379F60038EEDC /* Resources */,
			);
			buildRules = (
			);
			dependencies = (
				09294B3D278379F60038EEDC /* PBXTargetDependency */,
			);
			name = codeUITests;
			productName = codeUITests;
			productReference = 09294B3B278379F60038EEDC /* codeUITests.xctest */;
			productType = "com.apple.product-type.bundle.ui-testing";
		};
/* End PBXNativeTarget section */

/* Begin PBXProject section */
		09294B13278379F50038EEDC /* Project object */ = {
			isa = PBXProject;
			attributes = {
				BuildIndependentTargetsInParallel = 1;
				LastSwiftUpdateCheck = 1300;
				LastUpgradeCheck = 1300;
				TargetAttributes = {
					09294B1A278379F50038EEDC = {
						CreatedOnToolsVersion = 13.0;
					};
					09294B30278379F60038EEDC = {
						CreatedOnToolsVersion = 13.0;
						TestTargetID = 09294B1A278379F50038EEDC;
					};
					09294B3A278379F60038EEDC = {
						CreatedOnToolsVersion = 13.0;
						TestTargetID = 09294B1A278379F50038EEDC;
					};
				};
			};
			buildConfigurationList = 09294B16278379F50038EEDC /* Build configuration list for PBXProject "code" */;
			compatibilityVersion = "Xcode 13.0";
			developmentRegion = en;
			hasScannedForEncodings = 0;
			knownRegions = (
				en,
				Base,
			);
			mainGroup = 09294B12278379F50038EEDC;
			productRefGroup = 09294B1C278379F50038EEDC /* Products */;
			projectDirPath = "";
			projectRoot = "";
			targets = (
				09294B1A278379F50038EEDC /* code */,
				09294B30278379F60038EEDC /* codeTests */,
				09294B3A278379F60038EEDC /* codeUITests */,
			);
		};
/* End PBXProject section */

/* Begin PBXResourcesBuildPhase section */
		09294B19278379F50038EEDC /* Resources */ = {
			isa = PBXResourcesBuildPhase;
			buildActionMask = 2147483647;
			files = (
				09294B2B278379F60038EEDC /* LaunchScreen.storyboard in Resources */,
				09294B28278379F60038EEDC /* Assets.xcassets in Resources */,
				09294B26278379F50038EEDC /* Main.storyboard in Resources */,
			);
			runOnlyForDeploymentPostprocessing = 0;
		};
		09294B2F278379F60038EEDC /* Resources */ = {
			isa = PBXResourcesBuildPhase;
			buildActionMask = 2147483647;
			files = (
			);
			runOnlyForDeploymentPostprocessing = 0;
		};
		09294B39278379F60038EEDC /* Resources */ = {
			isa = PBXResourcesBuildPhase;
			buildActionMask = 2147483647;
			files = (
			);
			runOnlyForDeploymentPostprocessing = 0;
		};
/* End PBXResourcesBuildPhase section */

/* Begin PBXSourcesBuildPhase section */
		09294B17278379F50038EEDC /* Sources */ = {
			isa = PBXSourcesBuildPhase;
			buildActionMask = 2147483647;
			files = (
				09294B23278379F50038EEDC /* ViewController.swift in Sources */,
				09294B1F278379F50038EEDC /* AppDelegate.swift in Sources */,
				091D53912784B3890002B4B6 /* ShuffleListener.swift in Sources */,
				09294B21278379F50038EEDC /* SceneDelegate.swift in Sources */,
				091D53932784B57B0002B4B6 /* TextHelper.swift in Sources */,
				0931966A278481C5003D9125 /* PopupViewController.swift in Sources */,
			);
			runOnlyForDeploymentPostprocessing = 0;
		};
		09294B2D278379F60038EEDC /* Sources */ = {
			isa = PBXSourcesBuildPhase;
			buildActionMask = 2147483647;
			files = (
				091E82292784C32300358F6B /* TextHelperTests.swift in Sources */,
				09294B36278379F60038EEDC /* codeTests.swift in Sources */,
			);
			runOnlyForDeploymentPostprocessing = 0;
		};
		09294B37278379F60038EEDC /* Sources */ = {
			isa = PBXSourcesBuildPhase;
			buildActionMask = 2147483647;
			files = (
				09294B40278379F60038EEDC /* codeUITests.swift in Sources */,
				09294B42278379F60038EEDC /* codeUITestsLaunchTests.swift in Sources */,
			);
			runOnlyForDeploymentPostprocessing = 0;
		};
/* End PBXSourcesBuildPhase section */

/* Begin PBXTargetDependency section */
		09294B33278379F60038EEDC /* PBXTargetDependency */ = {
			isa = PBXTargetDependency;
			target = 09294B1A278379F50038EEDC /* code */;
			targetProxy = 09294B32278379F60038EEDC /* PBXContainerItemProxy */;
		};
		09294B3D278379F60038EEDC /* PBXTargetDependency */ = {
			isa = PBXTargetDependency;
			target = 09294B1A278379F50038EEDC /* code */;
			targetProxy = 09294B3C278379F60038EEDC /* PBXContainerItemProxy */;
		};
/* End PBXTargetDependency section */

/* Begin PBXVariantGroup section */
		09294B24278379F50038EEDC /* Main.storyboard */ = {
			isa = PBXVariantGroup;
			children = (
				09294B25278379F50038EEDC /* Base */,
			);
			name = Main.storyboard;
			sourceTree = "<group>";
		};
		09294B29278379F60038EEDC /* LaunchScreen.storyboard */ = {
			isa = PBXVariantGroup;
			children = (
				09294B2A278379F60038EEDC /* Base */,
			);
			name = LaunchScreen.storyboard;
			sourceTree = "<group>";
		};
/* End PBXVariantGroup section */

/* Begin XCBuildConfiguration section */
		09294B43278379F60038EEDC /* Debug */ = {
			isa = XCBuildConfiguration;
			buildSettings = {
				ALWAYS_SEARCH_USER_PATHS = NO;
				CLANG_ANALYZER_NONNULL = YES;
				CLANG_ANALYZER_NUMBER_OBJECT_CONVERSION = YES_AGGRESSIVE;
				CLANG_CXX_LANGUAGE_STANDARD = "gnu++17";
				CLANG_CXX_LIBRARY = "libc++";
				CLANG_ENABLE_MODULES = YES;
				CLANG_ENABLE_OBJC_ARC = YES;
				CLANG_ENABLE_OBJC_WEAK = YES;
				CLANG_WARN_BLOCK_CAPTURE_AUTORELEASING = YES;
				CLANG_WARN_BOOL_CONVERSION = YES;
				CLANG_WARN_COMMA = YES;
				CLANG_WARN_CONSTANT_CONVERSION = YES;
				CLANG_WARN_DEPRECATED_OBJC_IMPLEMENTATIONS = YES;
				CLANG_WARN_DIRECT_OBJC_ISA_USAGE = YES_ERROR;
				CLANG_WARN_DOCUMENTATION_COMMENTS = YES;
				CLANG_WARN_EMPTY_BODY = YES;
				CLANG_WARN_ENUM_CONVERSION = YES;
				CLANG_WARN_INFINITE_RECURSION = YES;
				CLANG_WARN_INT_CONVERSION = YES;
				CLANG_WARN_NON_LITERAL_NULL_CONVERSION = YES;
				CLANG_WARN_OBJC_IMPLICIT_RETAIN_SELF = YES;
				CLANG_WARN_OBJC_LITERAL_CONVERSION = YES;
				CLANG_WARN_OBJC_ROOT_CLASS = YES_ERROR;
				CLANG_WARN_QUOTED_INCLUDE_IN_FRAMEWORK_HEADER = YES;
				CLANG_WARN_RANGE_LOOP_ANALYSIS = YES;
				CLANG_WARN_STRICT_PROTOTYPES = YES;
				CLANG_WARN_SUSPICIOUS_MOVE = YES;
				CLANG_WARN_UNGUARDED_AVAILABILITY = YES_AGGRESSIVE;
				CLANG_WARN_UNREACHABLE_CODE = YES;
				CLANG_WARN__DUPLICATE_METHOD_MATCH = YES;
				COPY_PHASE_STRIP = NO;
				DEBUG_INFORMATION_FORMAT = dwarf;
				ENABLE_STRICT_OBJC_MSGSEND = YES;
				ENABLE_TESTABILITY = YES;
				GCC_C_LANGUAGE_STANDARD = gnu11;
				GCC_DYNAMIC_NO_PIC = NO;
				GCC_NO_COMMON_BLOCKS = YES;
				GCC_OPTIMIZATION_LEVEL = 0;
				GCC_PREPROCESSOR_DEFINITIONS = (
					"DEBUG=1",
					"$(inherited)",
				);
				GCC_WARN_64_TO_32_BIT_CONVERSION = YES;
				GCC_WARN_ABOUT_RETURN_TYPE = YES_ERROR;
				GCC_WARN_UNDECLARED_SELECTOR = YES;
				GCC_WARN_UNINITIALIZED_AUTOS = YES_AGGRESSIVE;
				GCC_WARN_UNUSED_FUNCTION = YES;
				GCC_WARN_UNUSED_VARIABLE = YES;
				IPHONEOS_DEPLOYMENT_TARGET = 15.0;
				MTL_ENABLE_DEBUG_INFO = INCLUDE_SOURCE;
				MTL_FAST_MATH = YES;
				ONLY_ACTIVE_ARCH = YES;
				SDKROOT = iphoneos;
				SWIFT_ACTIVE_COMPILATION_CONDITIONS = DEBUG;
				SWIFT_OPTIMIZATION_LEVEL = "-Onone";
			};
			name = Debug;
		};
		09294B44278379F60038EEDC /* Release */ = {
			isa = XCBuildConfiguration;
			buildSettings = {
				ALWAYS_SEARCH_USER_PATHS = NO;
				CLANG_ANALYZER_NONNULL = YES;
				CLANG_ANALYZER_NUMBER_OBJECT_CONVERSION = YES_AGGRESSIVE;
				CLANG_CXX_LANGUAGE_STANDARD = "gnu++17";
				CLANG_CXX_LIBRARY = "libc++";
				CLANG_ENABLE_MODULES = YES;
				CLANG_ENABLE_OBJC_ARC = YES;
				CLANG_ENABLE_OBJC_WEAK = YES;
				CLANG_WARN_BLOCK_CAPTURE_AUTORELEASING = YES;
				CLANG_WARN_BOOL_CONVERSION = YES;
				CLANG_WARN_COMMA = YES;
				CLANG_WARN_CONSTANT_CONVERSION = YES;
				CLANG_WARN_DEPRECATED_OBJC_IMPLEMENTATIONS = YES;
				CLANG_WARN_DIRECT_OBJC_ISA_USAGE = YES_ERROR;
				CLANG_WARN_DOCUMENTATION_COMMENTS = YES;
				CLANG_WARN_EMPTY_BODY = YES;
				CLANG_WARN_ENUM_CONVERSION = YES;
				CLANG_WARN_INFINITE_RECURSION = YES;
				CLANG_WARN_INT_CONVERSION = YES;
				CLANG_WARN_NON_LITERAL_NULL_CONVERSION = YES;
				CLANG_WARN_OBJC_IMPLICIT_RETAIN_SELF = YES;
				CLANG_WARN_OBJC_LITERAL_CONVERSION = YES;
				CLANG_WARN_OBJC_ROOT_CLASS = YES_ERROR;
				CLANG_WARN_QUOTED_INCLUDE_IN_FRAMEWORK_HEADER = YES;
				CLANG_WARN_RANGE_LOOP_ANALYSIS = YES;
				CLANG_WARN_STRICT_PROTOTYPES = YES;
				CLANG_WARN_SUSPICIOUS_MOVE = YES;
				CLANG_WARN_UNGUARDED_AVAILABILITY = YES_AGGRESSIVE;
				CLANG_WARN_UNREACHABLE_CODE = YES;
				CLANG_WARN__DUPLICATE_METHOD_MATCH = YES;
				COPY_PHASE_STRIP = NO;
				DEBUG_INFORMATION_FORMAT = "dwarf-with-dsym";
				ENABLE_NS_ASSERTIONS = NO;
				ENABLE_STRICT_OBJC_MSGSEND = YES;
				GCC_C_LANGUAGE_STANDARD = gnu11;
				GCC_NO_COMMON_BLOCKS = YES;
				GCC_WARN_64_TO_32_BIT_CONVERSION = YES;
				GCC_WARN_ABOUT_RETURN_TYPE = YES_ERROR;
				GCC_WARN_UNDECLARED_SELECTOR = YES;
				GCC_WARN_UNINITIALIZED_AUTOS = YES_AGGRESSIVE;
				GCC_WARN_UNUSED_FUNCTION = YES;
				GCC_WARN_UNUSED_VARIABLE = YES;
				IPHONEOS_DEPLOYMENT_TARGET = 15.0;
				MTL_ENABLE_DEBUG_INFO = NO;
				MTL_FAST_MATH = YES;
				SDKROOT = iphoneos;
				SWIFT_COMPILATION_MODE = wholemodule;
				SWIFT_OPTIMIZATION_LEVEL = "-O";
				VALIDATE_PRODUCT = YES;
			};
			name = Release;
		};
		09294B46278379F60038EEDC /* Debug */ = {
			isa = XCBuildConfiguration;
			buildSettings = {
				ASSETCATALOG_COMPILER_APPICON_NAME = AppIcon;
				ASSETCATALOG_COMPILER_GLOBAL_ACCENT_COLOR_NAME = AccentColor;
				CODE_SIGN_STYLE = Automatic;
				CURRENT_PROJECT_VERSION = 1;
				DEVELOPMENT_TEAM = 24MMVZ6FR7;
				GENERATE_INFOPLIST_FILE = YES;
				INFOPLIST_FILE = code/Info.plist;
				INFOPLIST_KEY_UIApplicationSupportsIndirectInputEvents = YES;
				INFOPLIST_KEY_UILaunchStoryboardName = LaunchScreen;
				INFOPLIST_KEY_UIMainStoryboardFile = Main;
				INFOPLIST_KEY_UISupportedInterfaceOrientations_iPad = "UIInterfaceOrientationPortrait UIInterfaceOrientationPortraitUpsideDown UIInterfaceOrientationLandscapeLeft UIInterfaceOrientationLandscapeRight";
				INFOPLIST_KEY_UISupportedInterfaceOrientations_iPhone = "UIInterfaceOrientationPortrait UIInterfaceOrientationLandscapeLeft UIInterfaceOrientationLandscapeRight";
				LD_RUNPATH_SEARCH_PATHS = (
					"$(inherited)",
					"@executable_path/Frameworks",
				);
				MARKETING_VERSION = 1.0;
				PRODUCT_BUNDLE_IDENTIFIER = com.test.indra.code;
				PRODUCT_NAME = "$(TARGET_NAME)";
				SWIFT_EMIT_LOC_STRINGS = YES;
				SWIFT_VERSION = 5.0;
				TARGETED_DEVICE_FAMILY = "1,2";
			};
			name = Debug;
		};
		09294B47278379F60038EEDC /* Release */ = {
			isa = XCBuildConfiguration;
			buildSettings = {
				ASSETCATALOG_COMPILER_APPICON_NAME = AppIcon;
				ASSETCATALOG_COMPILER_GLOBAL_ACCENT_COLOR_NAME = AccentColor;
				CODE_SIGN_STYLE = Automatic;
				CURRENT_PROJECT_VERSION = 1;
				DEVELOPMENT_TEAM = 24MMVZ6FR7;
				GENERATE_INFOPLIST_FILE = YES;
				INFOPLIST_FILE = code/Info.plist;
				INFOPLIST_KEY_UIApplicationSupportsIndirectInputEvents = YES;
				INFOPLIST_KEY_UILaunchStoryboardName = LaunchScreen;
				INFOPLIST_KEY_UIMainStoryboardFile = Main;
				INFOPLIST_KEY_UISupportedInterfaceOrientations_iPad = "UIInterfaceOrientationPortrait UIInterfaceOrientationPortraitUpsideDown UIInterfaceOrientationLandscapeLeft UIInterfaceOrientationLandscapeRight";
				INFOPLIST_KEY_UISupportedInterfaceOrientations_iPhone = "UIInterfaceOrientationPortrait UIInterfaceOrientationLandscapeLeft UIInterfaceOrientationLandscapeRight";
				LD_RUNPATH_SEARCH_PATHS = (
					"$(inherited)",
					"@executable_path/Frameworks",
				);
				MARKETING_VERSION = 1.0;
				PRODUCT_BUNDLE_IDENTIFIER = com.test.indra.code;
				PRODUCT_NAME = "$(TARGET_NAME)";
				SWIFT_EMIT_LOC_STRINGS = YES;
				SWIFT_VERSION = 5.0;
				TARGETED_DEVICE_FAMILY = "1,2";
			};
			name = Release;
		};
		09294B49278379F60038EEDC /* Debug */ = {
			isa = XCBuildConfiguration;
			buildSettings = {
				ALWAYS_EMBED_SWIFT_STANDARD_LIBRARIES = YES;
				BUNDLE_LOADER = "$(TEST_HOST)";
				CODE_SIGN_STYLE = Automatic;
				CURRENT_PROJECT_VERSION = 1;
				DEVELOPMENT_TEAM = 24MMVZ6FR7;
				GENERATE_INFOPLIST_FILE = YES;
				IPHONEOS_DEPLOYMENT_TARGET = 15.0;
				LD_RUNPATH_SEARCH_PATHS = (
					"$(inherited)",
					"@executable_path/Frameworks",
					"@loader_path/Frameworks",
				);
				MARKETING_VERSION = 1.0;
				PRODUCT_BUNDLE_IDENTIFIER = com.test.indra.codeTests;
				PRODUCT_NAME = "$(TARGET_NAME)";
				SWIFT_EMIT_LOC_STRINGS = NO;
				SWIFT_VERSION = 5.0;
				TARGETED_DEVICE_FAMILY = "1,2";
				TEST_HOST = "$(BUILT_PRODUCTS_DIR)/code.app/code";
			};
			name = Debug;
		};
		09294B4A278379F60038EEDC /* Release */ = {
			isa = XCBuildConfiguration;
			buildSettings = {
				ALWAYS_EMBED_SWIFT_STANDARD_LIBRARIES = YES;
				BUNDLE_LOADER = "$(TEST_HOST)";
				CODE_SIGN_STYLE = Automatic;
				CURRENT_PROJECT_VERSION = 1;
				DEVELOPMENT_TEAM = 24MMVZ6FR7;
				GENERATE_INFOPLIST_FILE = YES;
				IPHONEOS_DEPLOYMENT_TARGET = 15.0;
				LD_RUNPATH_SEARCH_PATHS = (
					"$(inherited)",
					"@executable_path/Frameworks",
					"@loader_path/Frameworks",
				);
				MARKETING_VERSION = 1.0;
				PRODUCT_BUNDLE_IDENTIFIER = com.test.indra.codeTests;
				PRODUCT_NAME = "$(TARGET_NAME)";
				SWIFT_EMIT_LOC_STRINGS = NO;
				SWIFT_VERSION = 5.0;
				TARGETED_DEVICE_FAMILY = "1,2";
				TEST_HOST = "$(BUILT_PRODUCTS_DIR)/code.app/code";
			};
			name = Release;
		};
		09294B4C278379F60038EEDC /* Debug */ = {
			isa = XCBuildConfiguration;
			buildSettings = {
				ALWAYS_EMBED_SWIFT_STANDARD_LIBRARIES = YES;
				CODE_SIGN_STYLE = Automatic;
				CURRENT_PROJECT_VERSION = 1;
				DEVELOPMENT_TEAM = 24MMVZ6FR7;
				GENERATE_INFOPLIST_FILE = YES;
				LD_RUNPATH_SEARCH_PATHS = (
					"$(inherited)",
					"@executable_path/Frameworks",
					"@loader_path/Frameworks",
				);
				MARKETING_VERSION = 1.0;
				PRODUCT_BUNDLE_IDENTIFIER = com.test.indra.codeUITests;
				PRODUCT_NAME = "$(TARGET_NAME)";
				SWIFT_EMIT_LOC_STRINGS = NO;
				SWIFT_VERSION = 5.0;
				TARGETED_DEVICE_FAMILY = "1,2";
				TEST_TARGET_NAME = code;
			};
			name = Debug;
		};
		09294B4D278379F60038EEDC /* Release */ = {
			isa = XCBuildConfiguration;
			buildSettings = {
				ALWAYS_EMBED_SWIFT_STANDARD_LIBRARIES = YES;
				CODE_SIGN_STYLE = Automatic;
				CURRENT_PROJECT_VERSION = 1;
				DEVELOPMENT_TEAM = 24MMVZ6FR7;
				GENERATE_INFOPLIST_FILE = YES;
				LD_RUNPATH_SEARCH_PATHS = (
					"$(inherited)",
					"@executable_path/Frameworks",
					"@loader_path/Frameworks",
				);
				MARKETING_VERSION = 1.0;
				PRODUCT_BUNDLE_IDENTIFIER = com.test.indra.codeUITests;
				PRODUCT_NAME = "$(TARGET_NAME)";
				SWIFT_EMIT_LOC_STRINGS = NO;
				SWIFT_VERSION = 5.0;
				TARGETED_DEVICE_FAMILY = "1,2";
				TEST_TARGET_NAME = code;
			};
			name = Release;
		};
/* End XCBuildConfiguration section */

/* Begin XCConfigurationList section */
		09294B16278379F50038EEDC /* Build configuration list for PBXProject "code" */ = {
			isa = XCConfigurationList;
			buildConfigurations = (
				09294B43278379F60038EEDC /* Debug */,
				09294B44278379F60038EEDC /* Release */,
			);
			defaultConfigurationIsVisible = 0;
			defaultConfigurationName = Release;
		};
		09294B45278379F60038EEDC /* Build configuration list for PBXNativeTarget "code" */ = {
			isa = XCConfigurationList;
			buildConfigurations = (
				09294B46278379F60038EEDC /* Debug */,
				09294B47278379F60038EEDC /* Release */,
			);
			defaultConfigurationIsVisible = 0;
			defaultConfigurationName = Release;
		};
		09294B48278379F60038EEDC /* Build configuration list for PBXNativeTarget "codeTests" */ = {
			isa = XCConfigurationList;
			buildConfigurations = (
				09294B49278379F60038EEDC /* Debug */,
				09294B4A278379F60038EEDC /* Release */,
			);
			defaultConfigurationIsVisible = 0;
			defaultConfigurationName = Release;
		};
		09294B4B278379F60038EEDC /* Build configuration list for PBXNativeTarget "codeUITests" */ = {
			isa = XCConfigurationList;
			buildConfigurations = (
				09294B4C278379F60038EEDC /* Debug */,
				09294B4D278379F60038EEDC /* Release */,
			);
			defaultConfigurationIsVisible = 0;
			defaultConfigurationName = Release;
		};
/* End XCConfigurationList section */
	};
	rootObject = 09294B13278379F50038EEDC /* Project object */;
}
